
Microsoft Visual Studio Solution File, Format Version 12.00
Project("{2150E333-8FDC-42A3-9474-1A3956D46DE8}") = "PostService", "PostService", "{84AE3F00-9A59-4A8D-A737-67AB74E5D1FD}"
EndProject
Project("{FAE04EC0-301F-11D3-BF4B-00C04F79EFBC}") = "PostService.Api", "src\PostService\PostService.Api\PostService.Api.csproj", "{2E44C019-ED30-4671-A878-D2F7B6071024}"
EndProject
Project("{FAE04EC0-301F-11D3-BF4B-00C04F79EFBC}") = "PostService.Domain", "src\PostService\PostService.Domain\PostService.Domain.csproj", "{BC83A789-36C2-42E7-B630-6BC503375C30}"
EndProject
Project("{FAE04EC0-301F-11D3-BF4B-00C04F79EFBC}") = "PostService.Infrastructure", "src\PostService\PostService.Infrastructure\PostService.Infrastructure.csproj", "{49301846-33F7-4C75-A1F9-6A0FEBA5EADD}"
EndProject
Project("{FAE04EC0-301F-11D3-BF4B-00C04F79EFBC}") = "PostService.Persistence", "src\PostService\PostService.Persistence\PostService.Persistence.csproj", "{0E631CB2-47C2-458A-B163-43CE50473B8A}"
EndProject
Project("{FAE04EC0-301F-11D3-BF4B-00C04F79EFBC}") = "PostService.Application", "src\PostService\PostService.Application\PostService.Application.csproj", "{4FD56528-F5F1-4BF8-AC46-A5E54D158AA2}"
EndProject
Project("{2150E333-8FDC-42A3-9474-1A3956D46DE8}") = "src", "src", "{B7E4E4CF-E7A9-4DAC-807E-DFF17553BAE8}"
EndProject
Project("{2150E333-8FDC-42A3-9474-1A3956D46DE8}") = "Shared", "Shared", "{112E9C63-BF62-49C1-AD19-03855535225B}"
EndProject
Project("{FAE04EC0-301F-11D3-BF4B-00C04F79EFBC}") = "Shared.Application", "src\Shared\Shared.Application\Shared.Application.csproj", "{824BB290-EC26-471B-AEA6-1395B4C23177}"
EndProject
Global
	GlobalSection(SolutionConfigurationPlatforms) = preSolution
		Debug|Any CPU = Debug|Any CPU
		Release|Any CPU = Release|Any CPU
	EndGlobalSection
	GlobalSection(ProjectConfigurationPlatforms) = postSolution
		{2E44C019-ED30-4671-A878-D2F7B6071024}.Debug|Any CPU.ActiveCfg = Debug|Any CPU
		{2E44C019-ED30-4671-A878-D2F7B6071024}.Debug|Any CPU.Build.0 = Debug|Any CPU
		{2E44C019-ED30-4671-A878-D2F7B6071024}.Release|Any CPU.ActiveCfg = Release|Any CPU
		{2E44C019-ED30-4671-A878-D2F7B6071024}.Release|Any CPU.Build.0 = Release|Any CPU
		{BC83A789-36C2-42E7-B630-6BC503375C30}.Debug|Any CPU.ActiveCfg = Debug|Any CPU
		{BC83A789-36C2-42E7-B630-6BC503375C30}.Debug|Any CPU.Build.0 = Debug|Any CPU
		{BC83A789-36C2-42E7-B630-6BC503375C30}.Release|Any CPU.ActiveCfg = Release|Any CPU
		{BC83A789-36C2-42E7-B630-6BC503375C30}.Release|Any CPU.Build.0 = Release|Any CPU
		{49301846-33F7-4C75-A1F9-6A0FEBA5EADD}.Debug|Any CPU.ActiveCfg = Debug|Any CPU
		{49301846-33F7-4C75-A1F9-6A0FEBA5EADD}.Debug|Any CPU.Build.0 = Debug|Any CPU
		{49301846-33F7-4C75-A1F9-6A0FEBA5EADD}.Release|Any CPU.ActiveCfg = Release|Any CPU
		{49301846-33F7-4C75-A1F9-6A0FEBA5EADD}.Release|Any CPU.Build.0 = Release|Any CPU
		{0E631CB2-47C2-458A-B163-43CE50473B8A}.Debug|Any CPU.ActiveCfg = Debug|Any CPU
		{0E631CB2-47C2-458A-B163-43CE50473B8A}.Debug|Any CPU.Build.0 = Debug|Any CPU
		{0E631CB2-47C2-458A-B163-43CE50473B8A}.Release|Any CPU.ActiveCfg = Release|Any CPU
		{0E631CB2-47C2-458A-B163-43CE50473B8A}.Release|Any CPU.Build.0 = Release|Any CPU
		{4FD56528-F5F1-4BF8-AC46-A5E54D158AA2}.Debug|Any CPU.ActiveCfg = Debug|Any CPU
		{4FD56528-F5F1-4BF8-AC46-A5E54D158AA2}.Debug|Any CPU.Build.0 = Debug|Any CPU
		{4FD56528-F5F1-4BF8-AC46-A5E54D158AA2}.Release|Any CPU.ActiveCfg = Release|Any CPU
		{4FD56528-F5F1-4BF8-AC46-A5E54D158AA2}.Release|Any CPU.Build.0 = Release|Any CPU
		{824BB290-EC26-471B-AEA6-1395B4C23177}.Debug|Any CPU.ActiveCfg = Debug|Any CPU
		{824BB290-EC26-471B-AEA6-1395B4C23177}.Debug|Any CPU.Build.0 = Debug|Any CPU
		{824BB290-EC26-471B-AEA6-1395B4C23177}.Release|Any CPU.ActiveCfg = Release|Any CPU
		{824BB290-EC26-471B-AEA6-1395B4C23177}.Release|Any CPU.Build.0 = Release|Any CPU
	EndGlobalSection
	GlobalSection(NestedProjects) = preSolution
		{2E44C019-ED30-4671-A878-D2F7B6071024} = {84AE3F00-9A59-4A8D-A737-67AB74E5D1FD}
		{4FD56528-F5F1-4BF8-AC46-A5E54D158AA2} = {84AE3F00-9A59-4A8D-A737-67AB74E5D1FD}
		{BC83A789-36C2-42E7-B630-6BC503375C30} = {84AE3F00-9A59-4A8D-A737-67AB74E5D1FD}
		{49301846-33F7-4C75-A1F9-6A0FEBA5EADD} = {84AE3F00-9A59-4A8D-A737-67AB74E5D1FD}
		{0E631CB2-47C2-458A-B163-43CE50473B8A} = {84AE3F00-9A59-4A8D-A737-67AB74E5D1FD}
		{84AE3F00-9A59-4A8D-A737-67AB74E5D1FD} = {B7E4E4CF-E7A9-4DAC-807E-DFF17553BAE8}
		{112E9C63-BF62-49C1-AD19-03855535225B} = {B7E4E4CF-E7A9-4DAC-807E-DFF17553BAE8}
		{824BB290-EC26-471B-AEA6-1395B4C23177} = {112E9C63-BF62-49C1-AD19-03855535225B}
	EndGlobalSection
EndGlobal
